Microsoft Visual Studio Solution File, Format Version 11.00
# Visual Studio 2008

Project("{B40C7400-37BC-7398-6643-81C923E26374}") = "SwipySnake", "Assembly-CSharp.csproj", "{50EFA9B7-4440-3952-0DD9-6159C25EB1DC}"
EndProject
Global
	GlobalSection(SolutionConfigurationPlatforms) = preSolution
		Debug|Any CPU = Debug|Any CPU
		Release|Any CPU = Release|Any CPU
	EndGlobalSection
	GlobalSection(ProjectConfigurationPlatforms) = postSolution
		{50EFA9B7-4440-3952-0DD9-6159C25EB1DC}.Debug|Any CPU.ActiveCfg = Debug|Any CPU
		{50EFA9B7-4440-3952-0DD9-6159C25EB1DC}.Debug|Any CPU.Build.0 = Debug|Any CPU
		{50EFA9B7-4440-3952-0DD9-6159C25EB1DC}.Release|Any CPU.ActiveCfg = Release|Any CPU
		{50EFA9B7-4440-3952-0DD9-6159C25EB1DC}.Release|Any CPU.Build.0 = Release|Any CPU
	EndGlobalSection
	GlobalSection(SolutionProperties) = preSolution
		HideSolutionNode = FALSE
	EndGlobalSection
	GlobalSection(MonoDevelopProperties) = preSolution
		StartupItem = Assembly-CSharp.csproj
	EndGlobalSection
EndGlobal
